# THIS IS AN AUTOGENERATED FILE. DO NOT EDIT THIS FILE DIRECTLY.
# yarn lockfile v1


vorlefan.path_route@^1.2.2:
  version "1.2.2"
  resolved "https://registry.yarnpkg.com/vorlefan.path_route/-/vorlefan.path_route-1.2.2.tgz#ff5cd4e14ec33ba5e20a3068e347677f3e815e50"
  integrity sha512-n/R2zT6eEvhDS0JLia82oojqbmw9ysV4oV3+nZhc0FN3abmCyUEIUH3J00dAq6BzXKSj9mTCIM1hCUgNRN997w==
